
Microsoft Visual Studio Solution File, Format Version 12.00
# Visual Studio Version 17
VisualStudioVersion = 17.7.34031.279
MinimumVisualStudioVersion = 10.0.40219.1
Project("{9A19103F-16F7-4668-BE54-9A1E7A4F7556}") = "CustomerApi", "CustomerApi\CustomerApi.csproj", "{33D58B36-0502-439F-A905-51C19B91E74D}"
EndProject
Project("{9A19103F-16F7-4668-BE54-9A1E7A4F7556}") = "CustomerApi.Business", "CustomerApi.Business\CustomerApi.Business.csproj", "{8EE91592-447D-4B6D-969B-BB58E0D8698D}"
EndProject
Project("{FAE04EC0-301F-11D3-BF4B-00C04F79EFBC}") = "CustomerApi.Repository", "CustomerApi.Repository\CustomerApi.Repository.csproj", "{D7988C15-010F-40A6-B1B5-44BBB4F3ADE3}"
EndProject
Project("{FAE04EC0-301F-11D3-BF4B-00C04F79EFBC}") = "CustomerApi.Domain", "CustomerApi.Domain\CustomerApi.Domain.csproj", "{8740D77C-778D-40CD-BB39-927102369E8B}"
EndProject
Project("{FAE04EC0-301F-11D3-BF4B-00C04F79EFBC}") = "CustomerApi.Tests", "CustomerApi.Tests\CustomerApi.Tests.csproj", "{F942DC09-725B-48CD-BD86-7B7A2830098F}"
EndProject
Global
	GlobalSection(SolutionConfigurationPlatforms) = preSolution
		Debug|Any CPU = Debug|Any CPU
		Release|Any CPU = Release|Any CPU
	EndGlobalSection
	GlobalSection(ProjectConfigurationPlatforms) = postSolution
		{33D58B36-0502-439F-A905-51C19B91E74D}.Debug|Any CPU.ActiveCfg = Debug|Any CPU
		{33D58B36-0502-439F-A905-51C19B91E74D}.Debug|Any CPU.Build.0 = Debug|Any CPU
		{33D58B36-0502-439F-A905-51C19B91E74D}.Release|Any CPU.ActiveCfg = Release|Any CPU
		{33D58B36-0502-439F-A905-51C19B91E74D}.Release|Any CPU.Build.0 = Release|Any CPU
		{8EE91592-447D-4B6D-969B-BB58E0D8698D}.Debug|Any CPU.ActiveCfg = Debug|Any CPU
		{8EE91592-447D-4B6D-969B-BB58E0D8698D}.Debug|Any CPU.Build.0 = Debug|Any CPU
		{8EE91592-447D-4B6D-969B-BB58E0D8698D}.Release|Any CPU.ActiveCfg = Release|Any CPU
		{8EE91592-447D-4B6D-969B-BB58E0D8698D}.Release|Any CPU.Build.0 = Release|Any CPU
		{D7988C15-010F-40A6-B1B5-44BBB4F3ADE3}.Debug|Any CPU.ActiveCfg = Debug|Any CPU
		{D7988C15-010F-40A6-B1B5-44BBB4F3ADE3}.Debug|Any CPU.Build.0 = Debug|Any CPU
		{D7988C15-010F-40A6-B1B5-44BBB4F3ADE3}.Release|Any CPU.ActiveCfg = Release|Any CPU
		{D7988C15-010F-40A6-B1B5-44BBB4F3ADE3}.Release|Any CPU.Build.0 = Release|Any CPU
		{8740D77C-778D-40CD-BB39-927102369E8B}.Debug|Any CPU.ActiveCfg = Debug|Any CPU
		{8740D77C-778D-40CD-BB39-927102369E8B}.Debug|Any CPU.Build.0 = Debug|Any CPU
		{8740D77C-778D-40CD-BB39-927102369E8B}.Release|Any CPU.ActiveCfg = Release|Any CPU
		{8740D77C-778D-40CD-BB39-927102369E8B}.Release|Any CPU.Build.0 = Release|Any CPU
		{F942DC09-725B-48CD-BD86-7B7A2830098F}.Debug|Any CPU.ActiveCfg = Debug|Any CPU
		{F942DC09-725B-48CD-BD86-7B7A2830098F}.Debug|Any CPU.Build.0 = Debug|Any CPU
		{F942DC09-725B-48CD-BD86-7B7A2830098F}.Release|Any CPU.ActiveCfg = Release|Any CPU
		{F942DC09-725B-48CD-BD86-7B7A2830098F}.Release|Any CPU.Build.0 = Release|Any CPU
	EndGlobalSection
	GlobalSection(SolutionProperties) = preSolution
		HideSolutionNode = FALSE
	EndGlobalSection
	GlobalSection(ExtensibilityGlobals) = postSolution
		SolutionGuid = {A99AF0BB-ABF9-4D30-9E71-D3AFAD8A8FE4}
	EndGlobalSection
EndGlobal
